// !$*UTF8*$!
{
	archiveVersion = 1;
	classes = {
	};
	objectVersion = 51;
	objects = {

/* Begin PBXBuildFile section */
		183F866C24A8B94800489E2D /* SearchTVC.swift in Sources */ = {isa = PBXBuildFile; fileRef = 183F866B24A8B94800489E2D /* SearchTVC.swift */; };
		183F866E24A8B9E900489E2D /* SearchUserCell.swift in Sources */ = {isa = PBXBuildFile; fileRef = 183F866D24A8B9E900489E2D /* SearchUserCell.swift */; };
		183F867024A8C0CE00489E2D /* User.swift in Sources */ = {isa = PBXBuildFile; fileRef = 183F866F24A8C0CE00489E2D /* User.swift */; };
		1840B49B249FE29C007F0E22 /* AppDelegate.swift in Sources */ = {isa = PBXBuildFile; fileRef = 1840B49A249FE29C007F0E22 /* AppDelegate.swift */; };
		1840B49D249FE29C007F0E22 /* SceneDelegate.swift in Sources */ = {isa = PBXBuildFile; fileRef = 1840B49C249FE29C007F0E22 /* SceneDelegate.swift */; };
		1840B49F249FE29C007F0E22 /* ViewController.swift in Sources */ = {isa = PBXBuildFile; fileRef = 1840B49E249FE29C007F0E22 /* ViewController.swift */; };
		1840B4A2249FE29C007F0E22 /* Main.storyboard in Resources */ = {isa = PBXBuildFile; fileRef = 1840B4A0249FE29C007F0E22 /* Main.storyboard */; };
		1840B4A4249FE29F007F0E22 /* Assets.xcassets in Resources */ = {isa = PBXBuildFile; fileRef = 1840B4A3249FE29F007F0E22 /* Assets.xcassets */; };
		1840B4A7249FE29F007F0E22 /* LaunchScreen.storyboard in Resources */ = {isa = PBXBuildFile; fileRef = 1840B4A5249FE29F007F0E22 /* LaunchScreen.storyboard */; };
		1840B4B2249FE2A0007F0E22 /* ActivationTests.swift in Sources */ = {isa = PBXBuildFile; fileRef = 1840B4B1249FE2A0007F0E22 /* ActivationTests.swift */; };
		1840B4BD249FE2A0007F0E22 /* ActivationUITests.swift in Sources */ = {isa = PBXBuildFile; fileRef = 1840B4BC249FE2A0007F0E22 /* ActivationUITests.swift */; };
		1840B4CB249FE3D6007F0E22 /* MainCollectionView.swift in Sources */ = {isa = PBXBuildFile; fileRef = 1840B4CA249FE3D6007F0E22 /* MainCollectionView.swift */; };
		1840B4CD249FE42A007F0E22 /* ProfileVC.swift in Sources */ = {isa = PBXBuildFile; fileRef = 1840B4CC249FE42A007F0E22 /* ProfileVC.swift */; };
		1840B4CF249FE4D1007F0E22 /* Extensions.swift in Sources */ = {isa = PBXBuildFile; fileRef = 1840B4CE249FE4D1007F0E22 /* Extensions.swift */; };
		1840B4D1249FE603007F0E22 /* ItemCell.swift in Sources */ = {isa = PBXBuildFile; fileRef = 1840B4D0249FE603007F0E22 /* ItemCell.swift */; };
		1840B4D3249FE631007F0E22 /* AddItemVC.swift in Sources */ = {isa = PBXBuildFile; fileRef = 1840B4D2249FE631007F0E22 /* AddItemVC.swift */; };
		1840B4D5249FE953007F0E22 /* Challenge.swift in Sources */ = {isa = PBXBuildFile; fileRef = 1840B4D4249FE953007F0E22 /* Challenge.swift */; };
		1840B4D724A13FDE007F0E22 /* SignUpView.swift in Sources */ = {isa = PBXBuildFile; fileRef = 1840B4D624A13FDE007F0E22 /* SignUpView.swift */; };
		1840B4D924A140A6007F0E22 /* ConfirmButton.swift in Sources */ = {isa = PBXBuildFile; fileRef = 1840B4D824A140A6007F0E22 /* ConfirmButton.swift */; };
		1840B4DB24A140E5007F0E22 /* Protocols.swift in Sources */ = {isa = PBXBuildFile; fileRef = 1840B4DA24A140E5007F0E22 /* Protocols.swift */; };
		1840B4DF24A28C58007F0E22 /* LoginVC.swift in Sources */ = {isa = PBXBuildFile; fileRef = 1840B4DE24A28C58007F0E22 /* LoginVC.swift */; };
		1840B4E324A28D59007F0E22 /* SignUpVC.swift in Sources */ = {isa = PBXBuildFile; fileRef = 1840B4E224A28D59007F0E22 /* SignUpVC.swift */; };
		1840B4E524A295C8007F0E22 /* GoogleService-Info.plist in Resources */ = {isa = PBXBuildFile; fileRef = 1840B4E424A295C8007F0E22 /* GoogleService-Info.plist */; };
		1840B4E724A7B1B9007F0E22 /* Service.swift in Sources */ = {isa = PBXBuildFile; fileRef = 1840B4E624A7B1B9007F0E22 /* Service.swift */; };
		1840B4EA24A7B3BF007F0E22 /* Constants.swift in Sources */ = {isa = PBXBuildFile; fileRef = 1840B4E924A7B3BF007F0E22 /* Constants.swift */; };
		1843941224AA812F0062BC33 /* CustomImageView.swift in Sources */ = {isa = PBXBuildFile; fileRef = 1843941124AA812F0062BC33 /* CustomImageView.swift */; };
		9E0C40E137ACFAE4FC0EAAAD /* Pods_Activation_ActivationUITests.framework in Frameworks */ = {isa = PBXBuildFile; fileRef = 4F085684561D9D2E45F15E43 /* Pods_Activation_ActivationUITests.framework */; };
		A83E0EB9A34D9886C155A4EA /* Pods_ActivationTests.framework in Frameworks */ = {isa = PBXBuildFile; fileRef = DCF007C95FC51132414CC8A9 /* Pods_ActivationTests.framework */; };
		E04F6118E87E1337FC204A9F /* Pods_Activation.framework in Frameworks */ = {isa = PBXBuildFile; fileRef = 9E63961B78904F297A43A25B /* Pods_Activation.framework */; };
/* End PBXBuildFile section */

/* Begin PBXContainerItemProxy section */
		1840B4AE249FE2A0007F0E22 /* PBXContainerItemProxy */ = {
			isa = PBXContainerItemProxy;
			containerPortal = 1840B48F249FE29C007F0E22 /* Project object */;
			proxyType = 1;
			remoteGlobalIDString = 1840B496249FE29C007F0E22;
			remoteInfo = Activation;
		};
		1840B4B9249FE2A0007F0E22 /* PBXContainerItemProxy */ = {
			isa = PBXContainerItemProxy;
			containerPortal = 1840B48F249FE29C007F0E22 /* Project object */;
			proxyType = 1;
			remoteGlobalIDString = 1840B496249FE29C007F0E22;
			remoteInfo = Activation;
		};
/* End PBXContainerItemProxy section */

/* Begin PBXFileReference section */
		183F866B24A8B94800489E2D /* SearchTVC.swift */ = {isa = PBXFileReference; lastKnownFileType = sourcecode.swift; path = SearchTVC.swift; sourceTree = "<group>"; };
		183F866D24A8B9E900489E2D /* SearchUserCell.swift */ = {isa = PBXFileReference; lastKnownFileType = sourcecode.swift; path = SearchUserCell.swift; sourceTree = "<group>"; };
		183F866F24A8C0CE00489E2D /* User.swift */ = {isa = PBXFileReference; lastKnownFileType = sourcecode.swift; path = User.swift; sourceTree = "<group>"; };
		1840B497249FE29C007F0E22 /* BeneFitter.app */ = {isa = PBXFileReference; explicitFileType = wrapper.application; includeInIndex = 0; path = BeneFitter.app; sourceTree = BUILT_PRODUCTS_DIR; };
		1840B49A249FE29C007F0E22 /* AppDelegate.swift */ = {isa = PBXFileReference; lastKnownFileType = sourcecode.swift; path = AppDelegate.swift; sourceTree = "<group>"; };
		1840B49C249FE29C007F0E22 /* SceneDelegate.swift */ = {isa = PBXFileReference; lastKnownFileType = sourcecode.swift; path = SceneDelegate.swift; sourceTree = "<group>"; };
		1840B49E249FE29C007F0E22 /* ViewController.swift */ = {isa = PBXFileReference; lastKnownFileType = sourcecode.swift; path = ViewController.swift; sourceTree = "<group>"; };
		1840B4A1249FE29C007F0E22 /* Base */ = {isa = PBXFileReference; lastKnownFileType = file.storyboard; name = Base; path = Base.lproj/Main.storyboard; sourceTree = "<group>"; };
		1840B4A3249FE29F007F0E22 /* Assets.xcassets */ = {isa = PBXFileReference; lastKnownFileType = folder.assetcatalog; path = Assets.xcassets; sourceTree = "<group>"; };
		1840B4A6249FE29F007F0E22 /* Base */ = {isa = PBXFileReference; lastKnownFileType = file.storyboard; name = Base; path = Base.lproj/LaunchScreen.storyboard; sourceTree = "<group>"; };
		1840B4A8249FE29F007F0E22 /* Info.plist */ = {isa = PBXFileReference; lastKnownFileType = text.plist.xml; path = Info.plist; sourceTree = "<group>"; };
		1840B4AD249FE2A0007F0E22 /* ActivationTests.xctest */ = {isa = PBXFileReference; explicitFileType = wrapper.cfbundle; includeInIndex = 0; path = ActivationTests.xctest; sourceTree = BUILT_PRODUCTS_DIR; };
		1840B4B1249FE2A0007F0E22 /* ActivationTests.swift */ = {isa = PBXFileReference; lastKnownFileType = sourcecode.swift; path = ActivationTests.swift; sourceTree = "<group>"; };
		1840B4B3249FE2A0007F0E22 /* Info.plist */ = {isa = PBXFileReference; lastKnownFileType = text.plist.xml; path = Info.plist; sourceTree = "<group>"; };
		1840B4B8249FE2A0007F0E22 /* ActivationUITests.xctest */ = {isa = PBXFileReference; explicitFileType = wrapper.cfbundle; includeInIndex = 0; path = ActivationUITests.xctest; sourceTree = BUILT_PRODUCTS_DIR; };
		1840B4BC249FE2A0007F0E22 /* ActivationUITests.swift */ = {isa = PBXFileReference; lastKnownFileType = sourcecode.swift; path = ActivationUITests.swift; sourceTree = "<group>"; };
		1840B4BE249FE2A0007F0E22 /* Info.plist */ = {isa = PBXFileReference; lastKnownFileType = text.plist.xml; path = Info.plist; sourceTree = "<group>"; };
		1840B4CA249FE3D6007F0E22 /* MainCollectionView.swift */ = {isa = PBXFileReference; lastKnownFileType = sourcecode.swift; path = MainCollectionView.swift; sourceTree = "<group>"; };
		1840B4CC249FE42A007F0E22 /* ProfileVC.swift */ = {isa = PBXFileReference; lastKnownFileType = sourcecode.swift; path = ProfileVC.swift; sourceTree = "<group>"; };
		1840B4CE249FE4D1007F0E22 /* Extensions.swift */ = {isa = PBXFileReference; lastKnownFileType = sourcecode.swift; path = Extensions.swift; sourceTree = "<group>"; };
		1840B4D0249FE603007F0E22 /* ItemCell.swift */ = {isa = PBXFileReference; lastKnownFileType = sourcecode.swift; path = ItemCell.swift; sourceTree = "<group>"; };
		1840B4D2249FE631007F0E22 /* AddItemVC.swift */ = {isa = PBXFileReference; lastKnownFileType = sourcecode.swift; path = AddItemVC.swift; sourceTree = "<group>"; };
		1840B4D4249FE953007F0E22 /* Challenge.swift */ = {isa = PBXFileReference; lastKnownFileType = sourcecode.swift; path = Challenge.swift; sourceTree = "<group>"; };
		1840B4D624A13FDE007F0E22 /* SignUpView.swift */ = {isa = PBXFileReference; lastKnownFileType = sourcecode.swift; path = SignUpView.swift; sourceTree = "<group>"; };
		1840B4D824A140A6007F0E22 /* ConfirmButton.swift */ = {isa = PBXFileReference; lastKnownFileType = sourcecode.swift; path = ConfirmButton.swift; sourceTree = "<group>"; };
		1840B4DA24A140E5007F0E22 /* Protocols.swift */ = {isa = PBXFileReference; lastKnownFileType = sourcecode.swift; path = Protocols.swift; sourceTree = "<group>"; };
		1840B4DE24A28C58007F0E22 /* LoginVC.swift */ = {isa = PBXFileReference; lastKnownFileType = sourcecode.swift; path = LoginVC.swift; sourceTree = "<group>"; };
		1840B4E224A28D59007F0E22 /* SignUpVC.swift */ = {isa = PBXFileReference; lastKnownFileType = sourcecode.swift; path = SignUpVC.swift; sourceTree = "<group>"; };
		1840B4E424A295C8007F0E22 /* GoogleService-Info.plist */ = {isa = PBXFileReference; fileEncoding = 4; lastKnownFileType = text.plist.xml; path = "GoogleService-Info.plist"; sourceTree = "<group>"; };
		1840B4E624A7B1B9007F0E22 /* Service.swift */ = {isa = PBXFileReference; lastKnownFileType = sourcecode.swift; path = Service.swift; sourceTree = "<group>"; };
		1840B4E924A7B3BF007F0E22 /* Constants.swift */ = {isa = PBXFileReference; lastKnownFileType = sourcecode.swift; path = Constants.swift; sourceTree = "<group>"; };
		1843941124AA812F0062BC33 /* CustomImageView.swift */ = {isa = PBXFileReference; lastKnownFileType = sourcecode.swift; path = CustomImageView.swift; sourceTree = "<group>"; };
		498226D2120AD426FEC6FA65 /* Pods-Activation-ActivationUITests.release.xcconfig */ = {isa = PBXFileReference; includeInIndex = 1; lastKnownFileType = text.xcconfig; name = "Pods-Activation-ActivationUITests.release.xcconfig"; path = "Target Support Files/Pods-Activation-ActivationUITests/Pods-Activation-ActivationUITests.release.xcconfig"; sourceTree = "<group>"; };
		4F085684561D9D2E45F15E43 /* Pods_Activation_ActivationUITests.framework */ = {isa = PBXFileReference; explicitFileType = wrapper.framework; includeInIndex = 0; path = Pods_Activation_ActivationUITests.framework; sourceTree = BUILT_PRODUCTS_DIR; };
		56FB926442EF5CC4F062D459 /* Pods-Activation-ActivationUITests.debug.xcconfig */ = {isa = PBXFileReference; includeInIndex = 1; lastKnownFileType = text.xcconfig; name = "Pods-Activation-ActivationUITests.debug.xcconfig"; path = "Target Support Files/Pods-Activation-ActivationUITests/Pods-Activation-ActivationUITests.debug.xcconfig"; sourceTree = "<group>"; };
		64CB253A25A08AF18C147501 /* Pods-Activation.debug.xcconfig */ = {isa = PBXFileReference; includeInIndex = 1; lastKnownFileType = text.xcconfig; name = "Pods-Activation.debug.xcconfig"; path = "Target Support Files/Pods-Activation/Pods-Activation.debug.xcconfig"; sourceTree = "<group>"; };
		9B3D5FE9A78340055D4002B6 /* Pods-ActivationTests.debug.xcconfig */ = {isa = PBXFileReference; includeInIndex = 1; lastKnownFileType = text.xcconfig; name = "Pods-ActivationTests.debug.xcconfig"; path = "Target Support Files/Pods-ActivationTests/Pods-ActivationTests.debug.xcconfig"; sourceTree = "<group>"; };
		9E63961B78904F297A43A25B /* Pods_Activation.framework */ = {isa = PBXFileReference; explicitFileType = wrapper.framework; includeInIndex = 0; path = Pods_Activation.framework; sourceTree = BUILT_PRODUCTS_DIR; };
		C5D5CC568699B56772646253 /* Pods-Activation.release.xcconfig */ = {isa = PBXFileReference; includeInIndex = 1; lastKnownFileType = text.xcconfig; name = "Pods-Activation.release.xcconfig"; path = "Target Support Files/Pods-Activation/Pods-Activation.release.xcconfig"; sourceTree = "<group>"; };
		DCF007C95FC51132414CC8A9 /* Pods_ActivationTests.framework */ = {isa = PBXFileReference; explicitFileType = wrapper.framework; includeInIndex = 0; path = Pods_ActivationTests.framework; sourceTree = BUILT_PRODUCTS_DIR; };
		F82951030209595A7925985E /* Pods-ActivationTests.release.xcconfig */ = {isa = PBXFileReference; includeInIndex = 1; lastKnownFileType = text.xcconfig; name = "Pods-ActivationTests.release.xcconfig"; path = "Target Support Files/Pods-ActivationTests/Pods-ActivationTests.release.xcconfig"; sourceTree = "<group>"; };
/* End PBXFileReference section */

/* Begin PBXFrameworksBuildPhase section */
		1840B494249FE29C007F0E22 /* Frameworks */ = {
			isa = PBXFrameworksBuildPhase;
			buildActionMask = 2147483647;
			files = (
				E04F6118E87E1337FC204A9F /* Pods_Activation.framework in Frameworks */,
			);
			runOnlyForDeploymentPostprocessing = 0;
		};
		1840B4AA249FE2A0007F0E22 /* Frameworks */ = {
			isa = PBXFrameworksBuildPhase;
			buildActionMask = 2147483647;
			files = (
				A83E0EB9A34D9886C155A4EA /* Pods_ActivationTests.framework in Frameworks */,
			);
			runOnlyForDeploymentPostprocessing = 0;
		};
		1840B4B5249FE2A0007F0E22 /* Frameworks */ = {
			isa = PBXFrameworksBuildPhase;
			buildActionMask = 2147483647;
			files = (
				9E0C40E137ACFAE4FC0EAAAD /* Pods_Activation_ActivationUITests.framework in Frameworks */,
			);
			runOnlyForDeploymentPostprocessing = 0;
		};
/* End PBXFrameworksBuildPhase section */

/* Begin PBXGroup section */
		183F866A24A8B93300489E2D /* Search User */ = {
			isa = PBXGroup;
			children = (
				183F866B24A8B94800489E2D /* SearchTVC.swift */,
			);
			path = "Search User";
			sourceTree = "<group>";
		};
		1840B48E249FE29C007F0E22 = {
			isa = PBXGroup;
			children = (
				1840B4E424A295C8007F0E22 /* GoogleService-Info.plist */,
				1840B499249FE29C007F0E22 /* Activation */,
				1840B4B0249FE2A0007F0E22 /* ActivationTests */,
				1840B4BB249FE2A0007F0E22 /* ActivationUITests */,
				1840B498249FE29C007F0E22 /* Products */,
				2C29B05FD0ED674B871B7761 /* Pods */,
				BE9CB88A8B6F4AB108A39D30 /* Frameworks */,
			);
			sourceTree = "<group>";
		};
		1840B498249FE29C007F0E22 /* Products */ = {
			isa = PBXGroup;
			children = (
				1840B497249FE29C007F0E22 /* BeneFitter.app */,
				1840B4AD249FE2A0007F0E22 /* ActivationTests.xctest */,
				1840B4B8249FE2A0007F0E22 /* ActivationUITests.xctest */,
			);
			name = Products;
			sourceTree = "<group>";
		};
		1840B499249FE29C007F0E22 /* Activation */ = {
			isa = PBXGroup;
			children = (
				1840B4EB24A7D23C007F0E22 /* Model */,
				1840B4E124A28CEF007F0E22 /* Utils */,
				1840B4E024A28C64007F0E22 /* View */,
				1840B4DC24A28BD7007F0E22 /* Controller */,
				1840B49A249FE29C007F0E22 /* AppDelegate.swift */,
				1840B49C249FE29C007F0E22 /* SceneDelegate.swift */,
				1840B4CC249FE42A007F0E22 /* ProfileVC.swift */,
				1840B49E249FE29C007F0E22 /* ViewController.swift */,
				1840B4CA249FE3D6007F0E22 /* MainCollectionView.swift */,
				1840B4D2249FE631007F0E22 /* AddItemVC.swift */,
				1840B4D0249FE603007F0E22 /* ItemCell.swift */,
				1840B4A0249FE29C007F0E22 /* Main.storyboard */,
				1840B4A3249FE29F007F0E22 /* Assets.xcassets */,
				1840B4A5249FE29F007F0E22 /* LaunchScreen.storyboard */,
				1840B4A8249FE29F007F0E22 /* Info.plist */,
			);
			path = Activation;
			sourceTree = "<group>";
		};
		1840B4B0249FE2A0007F0E22 /* ActivationTests */ = {
			isa = PBXGroup;
			children = (
				1840B4B1249FE2A0007F0E22 /* ActivationTests.swift */,
				1840B4B3249FE2A0007F0E22 /* Info.plist */,
			);
			path = ActivationTests;
			sourceTree = "<group>";
		};
		1840B4BB249FE2A0007F0E22 /* ActivationUITests */ = {
			isa = PBXGroup;
			children = (
				1840B4BC249FE2A0007F0E22 /* ActivationUITests.swift */,
				1840B4BE249FE2A0007F0E22 /* Info.plist */,
			);
			path = ActivationUITests;
			sourceTree = "<group>";
		};
		1840B4DC24A28BD7007F0E22 /* Controller */ = {
			isa = PBXGroup;
			children = (
				183F866A24A8B93300489E2D /* Search User */,
				1840B4DD24A28BE3007F0E22 /* Login */,
			);
			path = Controller;
			sourceTree = "<group>";
		};
		1840B4DD24A28BE3007F0E22 /* Login */ = {
			isa = PBXGroup;
			children = (
				1840B4DE24A28C58007F0E22 /* LoginVC.swift */,
				1840B4E224A28D59007F0E22 /* SignUpVC.swift */,
			);
			path = Login;
			sourceTree = "<group>";
		};
		1840B4E024A28C64007F0E22 /* View */ = {
			isa = PBXGroup;
			children = (
				1840B4D824A140A6007F0E22 /* ConfirmButton.swift */,
				1840B4D624A13FDE007F0E22 /* SignUpView.swift */,
				183F866D24A8B9E900489E2D /* SearchUserCell.swift */,
			);
			path = View;
			sourceTree = "<group>";
		};
		1840B4E124A28CEF007F0E22 /* Utils */ = {
			isa = PBXGroup;
			children = (
				1840B4CE249FE4D1007F0E22 /* Extensions.swift */,
				1840B4DA24A140E5007F0E22 /* Protocols.swift */,
				1840B4E624A7B1B9007F0E22 /* Service.swift */,
				1840B4E924A7B3BF007F0E22 /* Constants.swift */,
				1843941124AA812F0062BC33 /* CustomImageView.swift */,
			);
			path = Utils;
			sourceTree = "<group>";
		};
		1840B4EB24A7D23C007F0E22 /* Model */ = {
			isa = PBXGroup;
			children = (
				1840B4D4249FE953007F0E22 /* Challenge.swift */,
				183F866F24A8C0CE00489E2D /* User.swift */,
			);
			path = Model;
			sourceTree = "<group>";
		};
		2C29B05FD0ED674B871B7761 /* Pods */ = {
			isa = PBXGroup;
			children = (
				64CB253A25A08AF18C147501 /* Pods-Activation.debug.xcconfig */,
				C5D5CC568699B56772646253 /* Pods-Activation.release.xcconfig */,
				56FB926442EF5CC4F062D459 /* Pods-Activation-ActivationUITests.debug.xcconfig */,
				498226D2120AD426FEC6FA65 /* Pods-Activation-ActivationUITests.release.xcconfig */,
				9B3D5FE9A78340055D4002B6 /* Pods-ActivationTests.debug.xcconfig */,
				F82951030209595A7925985E /* Pods-ActivationTests.release.xcconfig */,
			);
			path = Pods;
			sourceTree = "<group>";
		};
		BE9CB88A8B6F4AB108A39D30 /* Frameworks */ = {
			isa = PBXGroup;
			children = (
				9E63961B78904F297A43A25B /* Pods_Activation.framework */,
				4F085684561D9D2E45F15E43 /* Pods_Activation_ActivationUITests.framework */,
				DCF007C95FC51132414CC8A9 /* Pods_ActivationTests.framework */,
			);
			name = Frameworks;
			sourceTree = "<group>";
		};
/* End PBXGroup section */

/* Begin PBXNativeTarget section */
		1840B496249FE29C007F0E22 /* Activation */ = {
			isa = PBXNativeTarget;
			buildConfigurationList = 1840B4C1249FE2A0007F0E22 /* Build configuration list for PBXNativeTarget "Activation" */;
			buildPhases = (
				FECC47644FDBB6F7E1B06E74 /* [CP] Check Pods Manifest.lock */,
				1840B493249FE29C007F0E22 /* Sources */,
				1840B494249FE29C007F0E22 /* Frameworks */,
				1840B495249FE29C007F0E22 /* Resources */,
				9B71845CD17636E619CBEC2A /* [CP] Embed Pods Frameworks */,
				2D892DE961816EE3F87B1C9C /* [CP] Copy Pods Resources */,
			);
			buildRules = (
			);
			dependencies = (
			);
			name = Activation;
			productName = Activation;
			productReference = 1840B497249FE29C007F0E22 /* BeneFitter.app */;
			productType = "com.apple.product-type.application";
		};
		1840B4AC249FE2A0007F0E22 /* ActivationTests */ = {
			isa = PBXNativeTarget;
			buildConfigurationList = 1840B4C4249FE2A0007F0E22 /* Build configuration list for PBXNativeTarget "ActivationTests" */;
			buildPhases = (
				0F90A423F6FF907BCC450910 /* [CP] Check Pods Manifest.lock */,
				1840B4A9249FE2A0007F0E22 /* Sources */,
				1840B4AA249FE2A0007F0E22 /* Frameworks */,
				1840B4AB249FE2A0007F0E22 /* Resources */,
			);
			buildRules = (
			);
			dependencies = (
				1840B4AF249FE2A0007F0E22 /* PBXTargetDependency */,
			);
			name = ActivationTests;
			productName = ActivationTests;
			productReference = 1840B4AD249FE2A0007F0E22 /* ActivationTests.xctest */;
			productType = "com.apple.product-type.bundle.unit-test";
		};
		1840B4B7249FE2A0007F0E22 /* ActivationUITests */ = {
			isa = PBXNativeTarget;
			buildConfigurationList = 1840B4C7249FE2A0007F0E22 /* Build configuration list for PBXNativeTarget "ActivationUITests" */;
			buildPhases = (
				8E52FBF7E1632069F509A883 /* [CP] Check Pods Manifest.lock */,
				1840B4B4249FE2A0007F0E22 /* Sources */,
				1840B4B5249FE2A0007F0E22 /* Frameworks */,
				1840B4B6249FE2A0007F0E22 /* Resources */,
				AFD2B22122D9DA665221EC7E /* [CP] Embed Pods Frameworks */,
				C46DF9EA1496A426F9A2B12A /* [CP] Copy Pods Resources */,
			);
			buildRules = (
			);
			dependencies = (
				1840B4BA249FE2A0007F0E22 /* PBXTargetDependency */,
			);
			name = ActivationUITests;
			productName = ActivationUITests;
			productReference = 1840B4B8249FE2A0007F0E22 /* ActivationUITests.xctest */;
			productType = "com.apple.product-type.bundle.ui-testing";
		};
/* End PBXNativeTarget section */

/* Begin PBXProject section */
		1840B48F249FE29C007F0E22 /* Project object */ = {
			isa = PBXProject;
			attributes = {
				LastSwiftUpdateCheck = 1140;
				LastUpgradeCheck = 1140;
				ORGANIZATIONNAME = "Mattias Törnqvist";
				TargetAttributes = {
					1840B496249FE29C007F0E22 = {
						CreatedOnToolsVersion = 11.4.1;
					};
					1840B4AC249FE2A0007F0E22 = {
						CreatedOnToolsVersion = 11.4.1;
						TestTargetID = 1840B496249FE29C007F0E22;
					};
					1840B4B7249FE2A0007F0E22 = {
						CreatedOnToolsVersion = 11.4.1;
						TestTargetID = 1840B496249FE29C007F0E22;
					};
				};
			};
			buildConfigurationList = 1840B492249FE29C007F0E22 /* Build configuration list for PBXProject "Activation" */;
			compatibilityVersion = "Xcode 9.3";
			developmentRegion = en;
			hasScannedForEncodings = 0;
			knownRegions = (
				en,
				Base,
			);
			mainGroup = 1840B48E249FE29C007F0E22;
			productRefGroup = 1840B498249FE29C007F0E22 /* Products */;
			projectDirPath = "";
			projectRoot = "";
			targets = (
				1840B496249FE29C007F0E22 /* Activation */,
				1840B4AC249FE2A0007F0E22 /* ActivationTests */,
				1840B4B7249FE2A0007F0E22 /* ActivationUITests */,
			);
		};
/* End PBXProject section */

/* Begin PBXResourcesBuildPhase section */
		1840B495249FE29C007F0E22 /* Resources */ = {
			isa = PBXResourcesBuildPhase;
			buildActionMask = 2147483647;
			files = (
				1840B4E524A295C8007F0E22 /* GoogleService-Info.plist in Resources */,
				1840B4A7249FE29F007F0E22 /* LaunchScreen.storyboard in Resources */,
				1840B4A4249FE29F007F0E22 /* Assets.xcassets in Resources */,
				1840B4A2249FE29C007F0E22 /* Main.storyboard in Resources */,
			);
			runOnlyForDeploymentPostprocessing = 0;
		};
		1840B4AB249FE2A0007F0E22 /* Resources */ = {
			isa = PBXResourcesBuildPhase;
			buildActionMask = 2147483647;
			files = (
			);
			runOnlyForDeploymentPostprocessing = 0;
		};
		1840B4B6249FE2A0007F0E22 /* Resources */ = {
			isa = PBXResourcesBuildPhase;
			buildActionMask = 2147483647;
			files = (
			);
			runOnlyForDeploymentPostprocessing = 0;
		};
/* End PBXResourcesBuildPhase section */

/* Begin PBXShellScriptBuildPhase section */
		0F90A423F6FF907BCC450910 /* [CP] Check Pods Manifest.lock */ = {
			isa = PBXShellScriptBuildPhase;
			buildActionMask = 2147483647;
			files = (
			);
			inputFileListPaths = (
			);
			inputPaths = (
				"${PODS_PODFILE_DIR_PATH}/Podfile.lock",
				"${PODS_ROOT}/Manifest.lock",
			);
			name = "[CP] Check Pods Manifest.lock";
			outputFileListPaths = (
			);
			outputPaths = (
				"$(DERIVED_FILE_DIR)/Pods-ActivationTests-checkManifestLockResult.txt",
			);
			runOnlyForDeploymentPostprocessing = 0;
			shellPath = /bin/sh;
			shellScript = "diff \"${PODS_PODFILE_DIR_PATH}/Podfile.lock\" \"${PODS_ROOT}/Manifest.lock\" > /dev/null\nif [ $? != 0 ] ; then\n    # print error to STDERR\n    echo \"error: The sandbox is not in sync with the Podfile.lock. Run 'pod install' or update your CocoaPods installation.\" >&2\n    exit 1\nfi\n# This output is used by Xcode 'outputs' to avoid re-running this script phase.\necho \"SUCCESS\" > \"${SCRIPT_OUTPUT_FILE_0}\"\n";
			showEnvVarsInLog = 0;
		};
		2D892DE961816EE3F87B1C9C /* [CP] Copy Pods Resources */ = {
			isa = PBXShellScriptBuildPhase;
			buildActionMask = 2147483647;
			files = (
			);
			inputFileListPaths = (
				"${PODS_ROOT}/Target Support Files/Pods-Activation/Pods-Activation-resources-${CONFIGURATION}-input-files.xcfilelist",
			);
			name = "[CP] Copy Pods Resources";
			outputFileListPaths = (
				"${PODS_ROOT}/Target Support Files/Pods-Activation/Pods-Activation-resources-${CONFIGURATION}-output-files.xcfilelist",
			);
			runOnlyForDeploymentPostprocessing = 0;
			shellPath = /bin/sh;
			shellScript = "\"${PODS_ROOT}/Target Support Files/Pods-Activation/Pods-Activation-resources.sh\"\n";
			showEnvVarsInLog = 0;
		};
		8E52FBF7E1632069F509A883 /* [CP] Check Pods Manifest.lock */ = {
			isa = PBXShellScriptBuildPhase;
			buildActionMask = 2147483647;
			files = (
			);
			inputFileListPaths = (
			);
			inputPaths = (
				"${PODS_PODFILE_DIR_PATH}/Podfile.lock",
				"${PODS_ROOT}/Manifest.lock",
			);
			name = "[CP] Check Pods Manifest.lock";
			outputFileListPaths = (
			);
			outputPaths = (
				"$(DERIVED_FILE_DIR)/Pods-Activation-ActivationUITests-checkManifestLockResult.txt",
			);
			runOnlyForDeploymentPostprocessing = 0;
			shellPath = /bin/sh;
			shellScript = "diff \"${PODS_PODFILE_DIR_PATH}/Podfile.lock\" \"${PODS_ROOT}/Manifest.lock\" > /dev/null\nif [ $? != 0 ] ; then\n    # print error to STDERR\n    echo \"error: The sandbox is not in sync with the Podfile.lock. Run 'pod install' or update your CocoaPods installation.\" >&2\n    exit 1\nfi\n# This output is used by Xcode 'outputs' to avoid re-running this script phase.\necho \"SUCCESS\" > \"${SCRIPT_OUTPUT_FILE_0}\"\n";
			showEnvVarsInLog = 0;
		};
		9B71845CD17636E619CBEC2A /* [CP] Embed Pods Frameworks */ = {
			isa = PBXShellScriptBuildPhase;
			buildActionMask = 2147483647;
			files = (
			);
			inputFileListPaths = (
				"${PODS_ROOT}/Target Support Files/Pods-Activation/Pods-Activation-frameworks-${CONFIGURATION}-input-files.xcfilelist",
			);
			name = "[CP] Embed Pods Frameworks";
			outputFileListPaths = (
				"${PODS_ROOT}/Target Support Files/Pods-Activation/Pods-Activation-frameworks-${CONFIGURATION}-output-files.xcfilelist",
			);
			runOnlyForDeploymentPostprocessing = 0;
			shellPath = /bin/sh;
			shellScript = "\"${PODS_ROOT}/Target Support Files/Pods-Activation/Pods-Activation-frameworks.sh\"\n";
			showEnvVarsInLog = 0;
		};
		AFD2B22122D9DA665221EC7E /* [CP] Embed Pods Frameworks */ = {
			isa = PBXShellScriptBuildPhase;
			buildActionMask = 2147483647;
			files = (
			);
			inputFileListPaths = (
				"${PODS_ROOT}/Target Support Files/Pods-Activation-ActivationUITests/Pods-Activation-ActivationUITests-frameworks-${CONFIGURATION}-input-files.xcfilelist",
			);
			name = "[CP] Embed Pods Frameworks";
			outputFileListPaths = (
				"${PODS_ROOT}/Target Support Files/Pods-Activation-ActivationUITests/Pods-Activation-ActivationUITests-frameworks-${CONFIGURATION}-output-files.xcfilelist",
			);
			runOnlyForDeploymentPostprocessing = 0;
			shellPath = /bin/sh;
			shellScript = "\"${PODS_ROOT}/Target Support Files/Pods-Activation-ActivationUITests/Pods-Activation-ActivationUITests-frameworks.sh\"\n";
			showEnvVarsInLog = 0;
		};
		C46DF9EA1496A426F9A2B12A /* [CP] Copy Pods Resources */ = {
			isa = PBXShellScriptBuildPhase;
			buildActionMask = 2147483647;
			files = (
			);
			inputFileListPaths = (
				"${PODS_ROOT}/Target Support Files/Pods-Activation-ActivationUITests/Pods-Activation-ActivationUITests-resources-${CONFIGURATION}-input-files.xcfilelist",
			);
			name = "[CP] Copy Pods Resources";
			outputFileListPaths = (
				"${PODS_ROOT}/Target Support Files/Pods-Activation-ActivationUITests/Pods-Activation-ActivationUITests-resources-${CONFIGURATION}-output-files.xcfilelist",
			);
			runOnlyForDeploymentPostprocessing = 0;
			shellPath = /bin/sh;
			shellScript = "\"${PODS_ROOT}/Target Support Files/Pods-Activation-ActivationUITests/Pods-Activation-ActivationUITests-resources.sh\"\n";
			showEnvVarsInLog = 0;
		};
		FECC47644FDBB6F7E1B06E74 /* [CP] Check Pods Manifest.lock */ = {
			isa = PBXShellScriptBuildPhase;
			buildActionMask = 2147483647;
			files = (
			);
			inputFileListPaths = (
			);
			inputPaths = (
				"${PODS_PODFILE_DIR_PATH}/Podfile.lock",
				"${PODS_ROOT}/Manifest.lock",
			);
			name = "[CP] Check Pods Manifest.lock";
			outputFileListPaths = (
			);
			outputPaths = (
				"$(DERIVED_FILE_DIR)/Pods-Activation-checkManifestLockResult.txt",
			);
			runOnlyForDeploymentPostprocessing = 0;
			shellPath = /bin/sh;
			shellScript = "diff \"${PODS_PODFILE_DIR_PATH}/Podfile.lock\" \"${PODS_ROOT}/Manifest.lock\" > /dev/null\nif [ $? != 0 ] ; then\n    # print error to STDERR\n    echo \"error: The sandbox is not in sync with the Podfile.lock. Run 'pod install' or update your CocoaPods installation.\" >&2\n    exit 1\nfi\n# This output is used by Xcode 'outputs' to avoid re-running this script phase.\necho \"SUCCESS\" > \"${SCRIPT_OUTPUT_FILE_0}\"\n";
			showEnvVarsInLog = 0;
		};
/* End PBXShellScriptBuildPhase section */

/* Begin PBXSourcesBuildPhase section */
		1840B493249FE29C007F0E22 /* Sources */ = {
			isa = PBXSourcesBuildPhase;
			buildActionMask = 2147483647;
			files = (
				1840B4E324A28D59007F0E22 /* SignUpVC.swift in Sources */,
				1840B4CD249FE42A007F0E22 /* ProfileVC.swift in Sources */,
				1840B4E724A7B1B9007F0E22 /* Service.swift in Sources */,
				1840B4D5249FE953007F0E22 /* Challenge.swift in Sources */,
				1840B4D924A140A6007F0E22 /* ConfirmButton.swift in Sources */,
				1840B4DB24A140E5007F0E22 /* Protocols.swift in Sources */,
				1840B4CF249FE4D1007F0E22 /* Extensions.swift in Sources */,
				1840B4EA24A7B3BF007F0E22 /* Constants.swift in Sources */,
				1840B49F249FE29C007F0E22 /* ViewController.swift in Sources */,
				1843941224AA812F0062BC33 /* CustomImageView.swift in Sources */,
				1840B4D3249FE631007F0E22 /* AddItemVC.swift in Sources */,
				1840B4CB249FE3D6007F0E22 /* MainCollectionView.swift in Sources */,
				1840B4D724A13FDE007F0E22 /* SignUpView.swift in Sources */,
				1840B4DF24A28C58007F0E22 /* LoginVC.swift in Sources */,
				1840B4D1249FE603007F0E22 /* ItemCell.swift in Sources */,
				183F866E24A8B9E900489E2D /* SearchUserCell.swift in Sources */,
				1840B49B249FE29C007F0E22 /* AppDelegate.swift in Sources */,
				183F866C24A8B94800489E2D /* SearchTVC.swift in Sources */,
				1840B49D249FE29C007F0E22 /* SceneDelegate.swift in Sources */,
				183F867024A8C0CE00489E2D /* User.swift in Sources */,
			);
			runOnlyForDeploymentPostprocessing = 0;
		};
		1840B4A9249FE2A0007F0E22 /* Sources */ = {
			isa = PBXSourcesBuildPhase;
			buildActionMask = 2147483647;
			files = (
				1840B4B2249FE2A0007F0E22 /* ActivationTests.swift in Sources */,
			);
			runOnlyForDeploymentPostprocessing = 0;
		};
		1840B4B4249FE2A0007F0E22 /* Sources */ = {
			isa = PBXSourcesBuildPhase;
			buildActionMask = 2147483647;
			files = (
				1840B4BD249FE2A0007F0E22 /* ActivationUITests.swift in Sources */,
			);
			runOnlyForDeploymentPostprocessing = 0;
		};
/* End PBXSourcesBuildPhase section */

/* Begin PBXTargetDependency section */
		1840B4AF249FE2A0007F0E22 /* PBXTargetDependency */ = {
			isa = PBXTargetDependency;
			target = 1840B496249FE29C007F0E22 /* Activation */;
			targetProxy = 1840B4AE249FE2A0007F0E22 /* PBXContainerItemProxy */;
		};
		1840B4BA249FE2A0007F0E22 /* PBXTargetDependency */ = {
			isa = PBXTargetDependency;
			target = 1840B496249FE29C007F0E22 /* Activation */;
			targetProxy = 1840B4B9249FE2A0007F0E22 /* PBXContainerItemProxy */;
		};
/* End PBXTargetDependency section */

/* Begin PBXVariantGroup section */
		1840B4A0249FE29C007F0E22 /* Main.storyboard */ = {
			isa = PBXVariantGroup;
			children = (
				1840B4A1249FE29C007F0E22 /* Base */,
			);
			name = Main.storyboard;
			sourceTree = "<group>";
		};
		1840B4A5249FE29F007F0E22 /* LaunchScreen.storyboard */ = {
			isa = PBXVariantGroup;
			children = (
				1840B4A6249FE29F007F0E22 /* Base */,
			);
			name = LaunchScreen.storyboard;
			sourceTree = "<group>";
		};
/* End PBXVariantGroup section */

/* Begin XCBuildConfiguration section */
		1840B4BF249FE2A0007F0E22 /* Debug */ = {
			isa = XCBuildConfiguration;
			buildSettings = {
				ALWAYS_SEARCH_USER_PATHS = NO;
				CLANG_ANALYZER_NONNULL = YES;
				CLANG_ANALYZER_NUMBER_OBJECT_CONVERSION = YES_AGGRESSIVE;
				CLANG_CXX_LANGUAGE_STANDARD = "gnu++14";
				CLANG_CXX_LIBRARY = "libc++";
				CLANG_ENABLE_MODULES = YES;
				CLANG_ENABLE_OBJC_ARC = YES;
				CLANG_ENABLE_OBJC_WEAK = YES;
				CLANG_WARN_BLOCK_CAPTURE_AUTORELEASING = YES;
				CLANG_WARN_BOOL_CONVERSION = YES;
				CLANG_WARN_COMMA = YES;
				CLANG_WARN_CONSTANT_CONVERSION = YES;
				CLANG_WARN_DEPRECATED_OBJC_IMPLEMENTATIONS = YES;
				CLANG_WARN_DIRECT_OBJC_ISA_USAGE = YES_ERROR;
				CLANG_WARN_DOCUMENTATION_COMMENTS = YES;
				CLANG_WARN_EMPTY_BODY = YES;
				CLANG_WARN_ENUM_CONVERSION = YES;
				CLANG_WARN_INFINITE_RECURSION = YES;
				CLANG_WARN_INT_CONVERSION = YES;
				CLANG_WARN_NON_LITERAL_NULL_CONVERSION = YES;
				CLANG_WARN_OBJC_IMPLICIT_RETAIN_SELF = YES;
				CLANG_WARN_OBJC_LITERAL_CONVERSION = YES;
				CLANG_WARN_OBJC_ROOT_CLASS = YES_ERROR;
				CLANG_WARN_RANGE_LOOP_ANALYSIS = YES;
				CLANG_WARN_STRICT_PROTOTYPES = YES;
				CLANG_WARN_SUSPICIOUS_MOVE = YES;
				CLANG_WARN_UNGUARDED_AVAILABILITY = YES_AGGRESSIVE;
				CLANG_WARN_UNREACHABLE_CODE = YES;
				CLANG_WARN__DUPLICATE_METHOD_MATCH = YES;
				COPY_PHASE_STRIP = NO;
				DEBUG_INFORMATION_FORMAT = dwarf;
				ENABLE_STRICT_OBJC_MSGSEND = YES;
				ENABLE_TESTABILITY = YES;
				GCC_C_LANGUAGE_STANDARD = gnu11;
				GCC_DYNAMIC_NO_PIC = NO;
				GCC_NO_COMMON_BLOCKS = YES;
				GCC_OPTIMIZATION_LEVEL = 0;
				GCC_PREPROCESSOR_DEFINITIONS = (
					"DEBUG=1",
					"$(inherited)",
				);
				GCC_WARN_64_TO_32_BIT_CONVERSION = YES;
				GCC_WARN_ABOUT_RETURN_TYPE = YES_ERROR;
				GCC_WARN_UNDECLARED_SELECTOR = YES;
				GCC_WARN_UNINITIALIZED_AUTOS = YES_AGGRESSIVE;
				GCC_WARN_UNUSED_FUNCTION = YES;
				GCC_WARN_UNUSED_VARIABLE = YES;
				IPHONEOS_DEPLOYMENT_TARGET = 13.4;
				MTL_ENABLE_DEBUG_INFO = INCLUDE_SOURCE;
				MTL_FAST_MATH = YES;
				ONLY_ACTIVE_ARCH = YES;
				SDKROOT = iphoneos;
				SWIFT_ACTIVE_COMPILATION_CONDITIONS = DEBUG;
				SWIFT_OPTIMIZATION_LEVEL = "-Onone";
			};
			name = Debug;
		};
		1840B4C0249FE2A0007F0E22 /* Release */ = {
			isa = XCBuildConfiguration;
			buildSettings = {
				ALWAYS_SEARCH_USER_PATHS = NO;
				CLANG_ANALYZER_NONNULL = YES;
				CLANG_ANALYZER_NUMBER_OBJECT_CONVERSION = YES_AGGRESSIVE;
				CLANG_CXX_LANGUAGE_STANDARD = "gnu++14";
				CLANG_CXX_LIBRARY = "libc++";
				CLANG_ENABLE_MODULES = YES;
				CLANG_ENABLE_OBJC_ARC = YES;
				CLANG_ENABLE_OBJC_WEAK = YES;
				CLANG_WARN_BLOCK_CAPTURE_AUTORELEASING = YES;
				CLANG_WARN_BOOL_CONVERSION = YES;
				CLANG_WARN_COMMA = YES;
				CLANG_WARN_CONSTANT_CONVERSION = YES;
				CLANG_WARN_DEPRECATED_OBJC_IMPLEMENTATIONS = YES;
				CLANG_WARN_DIRECT_OBJC_ISA_USAGE = YES_ERROR;
				CLANG_WARN_DOCUMENTATION_COMMENTS = YES;
				CLANG_WARN_EMPTY_BODY = YES;
				CLANG_WARN_ENUM_CONVERSION = YES;
				CLANG_WARN_INFINITE_RECURSION = YES;
				CLANG_WARN_INT_CONVERSION = YES;
				CLANG_WARN_NON_LITERAL_NULL_CONVERSION = YES;
				CLANG_WARN_OBJC_IMPLICIT_RETAIN_SELF = YES;
				CLANG_WARN_OBJC_LITERAL_CONVERSION = YES;
				CLANG_WARN_OBJC_ROOT_CLASS = YES_ERROR;
				CLANG_WARN_RANGE_LOOP_ANALYSIS = YES;
				CLANG_WARN_STRICT_PROTOTYPES = YES;
				CLANG_WARN_SUSPICIOUS_MOVE = YES;
				CLANG_WARN_UNGUARDED_AVAILABILITY = YES_AGGRESSIVE;
				CLANG_WARN_UNREACHABLE_CODE = YES;
				CLANG_WARN__DUPLICATE_METHOD_MATCH = YES;
				COPY_PHASE_STRIP = NO;
				DEBUG_INFORMATION_FORMAT = "dwarf-with-dsym";
				ENABLE_NS_ASSERTIONS = NO;
				ENABLE_STRICT_OBJC_MSGSEND = YES;
				GCC_C_LANGUAGE_STANDARD = gnu11;
				GCC_NO_COMMON_BLOCKS = YES;
				GCC_WARN_64_TO_32_BIT_CONVERSION = YES;
				GCC_WARN_ABOUT_RETURN_TYPE = YES_ERROR;
				GCC_WARN_UNDECLARED_SELECTOR = YES;
				GCC_WARN_UNINITIALIZED_AUTOS = YES_AGGRESSIVE;
				GCC_WARN_UNUSED_FUNCTION = YES;
				GCC_WARN_UNUSED_VARIABLE = YES;
				IPHONEOS_DEPLOYMENT_TARGET = 13.4;
				MTL_ENABLE_DEBUG_INFO = NO;
				MTL_FAST_MATH = YES;
				SDKROOT = iphoneos;
				SWIFT_COMPILATION_MODE = wholemodule;
				SWIFT_OPTIMIZATION_LEVEL = "-O";
				VALIDATE_PRODUCT = YES;
			};
			name = Release;
		};
		1840B4C2249FE2A0007F0E22 /* Debug */ = {
			isa = XCBuildConfiguration;
			baseConfigurationReference = 64CB253A25A08AF18C147501 /* Pods-Activation.debug.xcconfig */;
			buildSettings = {
				ASSETCATALOG_COMPILER_APPICON_NAME = AppIcon;
				CODE_SIGN_STYLE = Automatic;
				DEVELOPMENT_TEAM = WG4UTZ7ADU;
				INFOPLIST_FILE = Activation/Info.plist;
				LD_RUNPATH_SEARCH_PATHS = (
					"$(inherited)",
					"@executable_path/Frameworks",
				);
				PRODUCT_BUNDLE_IDENTIFIER = com.mattiasprivate.BeneFitter;
				PRODUCT_NAME = BeneFitter;
				SWIFT_VERSION = 5.0;
				TARGETED_DEVICE_FAMILY = "1,2";
			};
			name = Debug;
		};
		1840B4C3249FE2A0007F0E22 /* Release */ = {
			isa = XCBuildConfiguration;
			baseConfigurationReference = C5D5CC568699B56772646253 /* Pods-Activation.release.xcconfig */;
			buildSettings = {
				ASSETCATALOG_COMPILER_APPICON_NAME = AppIcon;
				CODE_SIGN_STYLE = Automatic;
				DEVELOPMENT_TEAM = WG4UTZ7ADU;
				INFOPLIST_FILE = Activation/Info.plist;
				LD_RUNPATH_SEARCH_PATHS = (
					"$(inherited)",
					"@executable_path/Frameworks",
				);
				PRODUCT_BUNDLE_IDENTIFIER = com.mattiasprivate.BeneFitter;
				PRODUCT_NAME = BeneFitter;
				SWIFT_VERSION = 5.0;
				TARGETED_DEVICE_FAMILY = "1,2";
			};
			name = Release;
		};
		1840B4C5249FE2A0007F0E22 /* Debug */ = {
			isa = XCBuildConfiguration;
			baseConfigurationReference = 9B3D5FE9A78340055D4002B6 /* Pods-ActivationTests.debug.xcconfig */;
			buildSettings = {
				ALWAYS_EMBED_SWIFT_STANDARD_LIBRARIES = YES;
				BUNDLE_LOADER = "$(TEST_HOST)";
				CODE_SIGN_STYLE = Automatic;
				DEVELOPMENT_TEAM = WG4UTZ7ADU;
				INFOPLIST_FILE = ActivationTests/Info.plist;
				IPHONEOS_DEPLOYMENT_TARGET = 13.4;
				LD_RUNPATH_SEARCH_PATHS = (
					"$(inherited)",
					"@executable_path/Frameworks",
					"@loader_path/Frameworks",
				);
				PRODUCT_BUNDLE_IDENTIFIER = com.mattiasprivate.ActivationTests;
				PRODUCT_NAME = "$(TARGET_NAME)";
				SWIFT_VERSION = 5.0;
				TARGETED_DEVICE_FAMILY = "1,2";
				TEST_HOST = "$(BUILT_PRODUCTS_DIR)/Activation.app/Activation";
			};
			name = Debug;
		};
		1840B4C6249FE2A0007F0E22 /* Release */ = {
			isa = XCBuildConfiguration;
			baseConfigurationReference = F82951030209595A7925985E /* Pods-ActivationTests.release.xcconfig */;
			buildSettings = {
				ALWAYS_EMBED_SWIFT_STANDARD_LIBRARIES = YES;
				BUNDLE_LOADER = "$(TEST_HOST)";
				CODE_SIGN_STYLE = Automatic;
				DEVELOPMENT_TEAM = WG4UTZ7ADU;
				INFOPLIST_FILE = ActivationTests/Info.plist;
				IPHONEOS_DEPLOYMENT_TARGET = 13.4;
				LD_RUNPATH_SEARCH_PATHS = (
					"$(inherited)",
					"@executable_path/Frameworks",
					"@loader_path/Frameworks",
				);
				PRODUCT_BUNDLE_IDENTIFIER = com.mattiasprivate.ActivationTests;
				PRODUCT_NAME = "$(TARGET_NAME)";
				SWIFT_VERSION = 5.0;
				TARGETED_DEVICE_FAMILY = "1,2";
				TEST_HOST = "$(BUILT_PRODUCTS_DIR)/Activation.app/Activation";
			};
			name = Release;
		};
		1840B4C8249FE2A0007F0E22 /* Debug */ = {
			isa = XCBuildConfiguration;
			baseConfigurationReference = 56FB926442EF5CC4F062D459 /* Pods-Activation-ActivationUITests.debug.xcconfig */;
			buildSettings = {
				ALWAYS_EMBED_SWIFT_STANDARD_LIBRARIES = YES;
				CODE_SIGN_STYLE = Automatic;
				DEVELOPMENT_TEAM = WG4UTZ7ADU;
				INFOPLIST_FILE = ActivationUITests/Info.plist;
				LD_RUNPATH_SEARCH_PATHS = (
					"$(inherited)",
					"@executable_path/Frameworks",
					"@loader_path/Frameworks",
				);
				PRODUCT_BUNDLE_IDENTIFIER = com.mattiasprivate.ActivationUITests;
				PRODUCT_NAME = "$(TARGET_NAME)";
				SWIFT_VERSION = 5.0;
				TARGETED_DEVICE_FAMILY = "1,2";
				TEST_TARGET_NAME = Activation;
			};
			name = Debug;
		};
		1840B4C9249FE2A0007F0E22 /* Release */ = {
			isa = XCBuildConfiguration;
			baseConfigurationReference = 498226D2120AD426FEC6FA65 /* Pods-Activation-ActivationUITests.release.xcconfig */;
			buildSettings = {
				ALWAYS_EMBED_SWIFT_STANDARD_LIBRARIES = YES;
				CODE_SIGN_STYLE = Automatic;
				DEVELOPMENT_TEAM = WG4UTZ7ADU;
				INFOPLIST_FILE = ActivationUITests/Info.plist;
				LD_RUNPATH_SEARCH_PATHS = (
					"$(inherited)",
					"@executable_path/Frameworks",
					"@loader_path/Frameworks",
				);
				PRODUCT_BUNDLE_IDENTIFIER = com.mattiasprivate.ActivationUITests;
				PRODUCT_NAME = "$(TARGET_NAME)";
				SWIFT_VERSION = 5.0;
				TARGETED_DEVICE_FAMILY = "1,2";
				TEST_TARGET_NAME = Activation;
			};
			name = Release;
		};
/* End XCBuildConfiguration section */

/* Begin XCConfigurationList section */
		1840B492249FE29C007F0E22 /* Build configuration list for PBXProject "Activation" */ = {
			isa = XCConfigurationList;
			buildConfigurations = (
				1840B4BF249FE2A0007F0E22 /* Debug */,
				1840B4C0249FE2A0007F0E22 /* Release */,
			);
			defaultConfigurationIsVisible = 0;
			defaultConfigurationName = Release;
		};
		1840B4C1249FE2A0007F0E22 /* Build configuration list for PBXNativeTarget "Activation" */ = {
			isa = XCConfigurationList;
			buildConfigurations = (
				1840B4C2249FE2A0007F0E22 /* Debug */,
				1840B4C3249FE2A0007F0E22 /* Release */,
			);
			defaultConfigurationIsVisible = 0;
			defaultConfigurationName = Release;
		};
		1840B4C4249FE2A0007F0E22 /* Build configuration list for PBXNativeTarget "ActivationTests" */ = {
			isa = XCConfigurationList;
			buildConfigurations = (
				1840B4C5249FE2A0007F0E22 /* Debug */,
				1840B4C6249FE2A0007F0E22 /* Release */,
			);
			defaultConfigurationIsVisible = 0;
			defaultConfigurationName = Release;
		};
		1840B4C7249FE2A0007F0E22 /* Build configuration list for PBXNativeTarget "ActivationUITests" */ = {
			isa = XCConfigurationList;
			buildConfigurations = (
				1840B4C8249FE2A0007F0E22 /* Debug */,
				1840B4C9249FE2A0007F0E22 /* Release */,
			);
			defaultConfigurationIsVisible = 0;
			defaultConfigurationName = Release;
		};
/* End XCConfigurationList section */
	};
	rootObject = 1840B48F249FE29C007F0E22 /* Project object */;
}
